
Microsoft Visual Studio Solution File, Format Version 11.00
# Visual Studio 2010
Project("{FAE04EC0-301F-11D3-BF4B-00C04F79EFBC}") = "Sirenix.Demos.CustomAtrributeProcessors", "Sirenix.Demos.CustomAtrributeProcessors.csproj", "{eee2ac0e-7af5-0db4-9050-b965e49576d9}"
EndProject
Project("{FAE04EC0-301F-11D3-BF4B-00C04F79EFBC}") = "Sirenix.Demos.SampleRPGEditor", "Sirenix.Demos.SampleRPGEditor.csproj", "{342d8293-0853-ab99-d1ba-8c6483496e03}"
EndProject
Project("{FAE04EC0-301F-11D3-BF4B-00C04F79EFBC}") = "Assembly-CSharp", "Assembly-CSharp.csproj", "{146b3397-2ab3-8db9-9078-342f006e4a99}"
EndProject
Project("{FAE04EC0-301F-11D3-BF4B-00C04F79EFBC}") = "Unity.Hook", "Unity.Hook.csproj", "{046ce30d-3938-94bd-32fb-de4ff61455cf}"
EndProject
Project("{FAE04EC0-301F-11D3-BF4B-00C04F79EFBC}") = "Sirenix.Demos.CustomDrawer", "Sirenix.Demos.CustomDrawer.csproj", "{c515a6c5-edd2-4333-4d58-381363f0ecd8}"
EndProject
Project("{FAE04EC0-301F-11D3-BF4B-00C04F79EFBC}") = "Sirenix.Demos.EditorWindows", "Sirenix.Demos.EditorWindows.csproj", "{9798d089-8b92-5c7e-34cc-f4f1178728df}"
EndProject
Project("{FAE04EC0-301F-11D3-BF4B-00C04F79EFBC}") = "Sirenix.OdinInspector.CompatibilityLayer", "Sirenix.OdinInspector.CompatibilityLayer.csproj", "{c739c8f8-cba8-ad7e-7b1e-820467ec394f}"
EndProject
Project("{FAE04EC0-301F-11D3-BF4B-00C04F79EFBC}") = "Sirenix.OdinInspector.CompatibilityLayer.Editor", "Sirenix.OdinInspector.CompatibilityLayer.Editor.csproj", "{2397e9eb-1b8a-75af-a9e7-748162d84fc0}"
EndProject
Project("{FAE04EC0-301F-11D3-BF4B-00C04F79EFBC}") = "Assembly-CSharp-Editor", "Assembly-CSharp-Editor.csproj", "{8e5b85bc-f42a-a6aa-0dec-5b6c6d343b11}"
EndProject
Global
	GlobalSection(SolutionConfigurationPlatforms) = preSolution
		Debug|Any CPU = Debug|Any CPU
	EndGlobalSection
	GlobalSection(ProjectConfigurationPlatforms) = postSolution
		{eee2ac0e-7af5-0db4-9050-b965e49576d9}.Debug|Any CPU.ActiveCfg = Debug|Any CPU
		{eee2ac0e-7af5-0db4-9050-b965e49576d9}.Debug|Any CPU.Build.0 = Debug|Any CPU
		{342d8293-0853-ab99-d1ba-8c6483496e03}.Debug|Any CPU.ActiveCfg = Debug|Any CPU
		{342d8293-0853-ab99-d1ba-8c6483496e03}.Debug|Any CPU.Build.0 = Debug|Any CPU
		{146b3397-2ab3-8db9-9078-342f006e4a99}.Debug|Any CPU.ActiveCfg = Debug|Any CPU
		{146b3397-2ab3-8db9-9078-342f006e4a99}.Debug|Any CPU.Build.0 = Debug|Any CPU
		{046ce30d-3938-94bd-32fb-de4ff61455cf}.Debug|Any CPU.ActiveCfg = Debug|Any CPU
		{046ce30d-3938-94bd-32fb-de4ff61455cf}.Debug|Any CPU.Build.0 = Debug|Any CPU
		{c515a6c5-edd2-4333-4d58-381363f0ecd8}.Debug|Any CPU.ActiveCfg = Debug|Any CPU
		{c515a6c5-edd2-4333-4d58-381363f0ecd8}.Debug|Any CPU.Build.0 = Debug|Any CPU
		{9798d089-8b92-5c7e-34cc-f4f1178728df}.Debug|Any CPU.ActiveCfg = Debug|Any CPU
		{9798d089-8b92-5c7e-34cc-f4f1178728df}.Debug|Any CPU.Build.0 = Debug|Any CPU
		{c739c8f8-cba8-ad7e-7b1e-820467ec394f}.Debug|Any CPU.ActiveCfg = Debug|Any CPU
		{c739c8f8-cba8-ad7e-7b1e-820467ec394f}.Debug|Any CPU.Build.0 = Debug|Any CPU
		{2397e9eb-1b8a-75af-a9e7-748162d84fc0}.Debug|Any CPU.ActiveCfg = Debug|Any CPU
		{2397e9eb-1b8a-75af-a9e7-748162d84fc0}.Debug|Any CPU.Build.0 = Debug|Any CPU
		{8e5b85bc-f42a-a6aa-0dec-5b6c6d343b11}.Debug|Any CPU.ActiveCfg = Debug|Any CPU
		{8e5b85bc-f42a-a6aa-0dec-5b6c6d343b11}.Debug|Any CPU.Build.0 = Debug|Any CPU
	EndGlobalSection
	GlobalSection(SolutionProperties) = preSolution
		HideSolutionNode = FALSE
	EndGlobalSection
EndGlobal
